
Microsoft Visual Studio Solution File, Format Version 12.00
# Visual Studio Version 16
VisualStudioVersion = 16.0.29503.13
MinimumVisualStudioVersion = 10.0.40219.1
Project("{8BC9CEB8-8B4A-11D0-8D11-00A0C91BC942}") = "Artem_-_the_GOD", "Artem_-_the_GOD\Artem_-_the_GOD.vcxproj", "{BDDD7CAA-D1A1-46D5-A04F-1EEAF5245EAE}"
EndProject
Project("{8BC9CEB8-8B4A-11D0-8D11-00A0C91BC942}") = "ConsoleApplication1", "ConsoleApplication1\ConsoleApplication1.vcxproj", "{14525926-1BE9-44FC-B364-2C9AF31B60D3}"
EndProject
Project("{8BC9CEB8-8B4A-11D0-8D11-00A0C91BC942}") = "peice_of_", "peice_of_\peice_of_.vcxproj", "{E92E4881-05E7-45B1-8656-7DB5B0EA86D3}"
EndProject
Project("{8BC9CEB8-8B4A-11D0-8D11-00A0C91BC942}") = "pointersAndReferences", "pointersAndReferences\pointersAndReferences.vcxproj", "{71D55CFE-5159-4AE3-B33E-9FEF84328B07}"
EndProject
Project("{8BC9CEB8-8B4A-11D0-8D11-00A0C91BC942}") = "27", "27\27.vcxproj", "{CAEB3122-498F-485A-B9CE-867071FFBBC7}"
EndProject
Project("{8BC9CEB8-8B4A-11D0-8D11-00A0C91BC942}") = "notAlgorithm", "notAlgorithm\notAlgorithm.vcxproj", "{E193ACAC-9C25-43BD-9897-14E952381333}"
EndProject
Project("{8BC9CEB8-8B4A-11D0-8D11-00A0C91BC942}") = "27.5", "27.5\27.5.vcxproj", "{405070F4-09D7-4424-B086-278B96A39061}"
EndProject
Project("{8BC9CEB8-8B4A-11D0-8D11-00A0C91BC942}") = "27.6", "27.6\27.6.vcxproj", "{4E8636E1-A062-4A80-BABD-3BDF614765E5}"
EndProject
Project("{8BC9CEB8-8B4A-11D0-8D11-00A0C91BC942}") = "27_4862", "27_4862\27_4862.vcxproj", "{B3CF809D-8CA0-4F12-935B-BFAE110A4607}"
EndProject
Project("{8BC9CEB8-8B4A-11D0-8D11-00A0C91BC942}") = "27_6436", "27_6436\27_6436.vcxproj", "{36CE4BDC-1881-46B7-9A72-C3B1DF7185FE}"
EndProject
Project("{8BC9CEB8-8B4A-11D0-8D11-00A0C91BC942}") = "class_students", "class_students\class_students.vcxproj", "{BE0048F7-CA5A-4FAC-91D0-FC812F6A1EA2}"
EndProject
Project("{8BC9CEB8-8B4A-11D0-8D11-00A0C91BC942}") = "27.7", "27.7\27.7.vcxproj", "{43A758F8-2648-4B96-B1A2-11E9504D1C8A}"
EndProject
Project("{8BC9CEB8-8B4A-11D0-8D11-00A0C91BC942}") = "Niko", "Niko\Niko.vcxproj", "{C4E1F87D-99A3-4A83-B237-015ABFF54937}"
EndProject
Project("{8BC9CEB8-8B4A-11D0-8D11-00A0C91BC942}") = "exampleSet", "exampleSet\exampleSet.vcxproj", "{183AAC2C-9F91-4CA8-8D4F-4F4A7CB5F696}"
EndProject
Project("{8BC9CEB8-8B4A-11D0-8D11-00A0C91BC942}") = "dSimple", "dSimple\dSimple.vcxproj", "{887FB873-03CB-445E-9B44-9C84F1705672}"
EndProject
Project("{8BC9CEB8-8B4A-11D0-8D11-00A0C91BC942}") = "27.7.1", "27.7.1\27.7.1.vcxproj", "{FA58BE33-608B-4704-AF47-38C8ACFC83B8}"
EndProject
Project("{8BC9CEB8-8B4A-11D0-8D11-00A0C91BC942}") = "egeSrZnach", "egeSrZnach\egeSrZnach.vcxproj", "{842F1A46-4AF2-4DFD-AD44-07CDFCD410B5}"
EndProject
Project("{8BC9CEB8-8B4A-11D0-8D11-00A0C91BC942}") = "egeSum", "egeSum\egeSum.vcxproj", "{D68A60A7-D935-4899-8400-A6B695E9DEF6}"
EndProject
Project("{8BC9CEB8-8B4A-11D0-8D11-00A0C91BC942}") = "fourMap", "fourMap\fourMap.vcxproj", "{918B9E27-A303-4C7F-8FD7-E1FBA736200A}"
EndProject
Project("{8BC9CEB8-8B4A-11D0-8D11-00A0C91BC942}") = "TestVector", "TestVector\TestVector.vcxproj", "{CA9BBED9-5EC0-479F-818C-6D5A8CD7169D}"
EndProject
Project("{8BC9CEB8-8B4A-11D0-8D11-00A0C91BC942}") = "27.17", "27.17\27.17.vcxproj", "{E017B41A-D9FC-497B-85DF-B14ECC9BF568}"
EndProject
Project("{8BC9CEB8-8B4A-11D0-8D11-00A0C91BC942}") = "sort_array", "sort_array\sort_array.vcxproj", "{421D8B17-C4C7-4DF1-9771-B1EB9C891D1A}"
EndProject
Project("{8BC9CEB8-8B4A-11D0-8D11-00A0C91BC942}") = "27.9179", "27.9179\27.9179.vcxproj", "{7C1E6A5F-FE0F-4DDE-9925-A0F855723B34}"
EndProject
Project("{8BC9CEB8-8B4A-11D0-8D11-00A0C91BC942}") = "27.19", "27.9\27.9.vcxproj", "{2FA4400B-AE30-4510-B44B-DDC815F1A3B0}"
EndProject
Project("{8BC9CEB8-8B4A-11D0-8D11-00A0C91BC942}") = "27WithHashtag", "27WithHashtag\27WithHashtag.vcxproj", "{B5B640D3-D0BA-470F-8B67-748367834E2A}"
EndProject
Project("{8BC9CEB8-8B4A-11D0-8D11-00A0C91BC942}") = "classroom", "classroom\classroom.vcxproj", "{C127F79C-0349-4D44-B03B-0FDB998B8932}"
EndProject
Project("{8BC9CEB8-8B4A-11D0-8D11-00A0C91BC942}") = "ConsoleApplication2", "ConsoleApplication2\ConsoleApplication2.vcxproj", "{C8E080A8-ED51-4F18-855D-1BDDD2FAE53D}"
EndProject
Project("{8BC9CEB8-8B4A-11D0-8D11-00A0C91BC942}") = "ConsoleApplication3", "ConsoleApplication3\ConsoleApplication3.vcxproj", "{7AAA9364-BA71-4A80-9F02-F33CC0604175}"
EndProject
Project("{8BC9CEB8-8B4A-11D0-8D11-00A0C91BC942}") = "27.2.1_with_getchar", "27.2.1_with_getchar\27.2.1_with_getchar.vcxproj", "{36E79602-077B-4CD2-B4CA-9BAFC0A9E65F}"
EndProject
Global
	GlobalSection(SolutionConfigurationPlatforms) = preSolution
		Debug|x64 = Debug|x64
		Debug|x86 = Debug|x86
		Release|x64 = Release|x64
		Release|x86 = Release|x86
	EndGlobalSection
	GlobalSection(ProjectConfigurationPlatforms) = postSolution
		{BDDD7CAA-D1A1-46D5-A04F-1EEAF5245EAE}.Debug|x64.ActiveCfg = Debug|x64
		{BDDD7CAA-D1A1-46D5-A04F-1EEAF5245EAE}.Debug|x64.Build.0 = Debug|x64
		{BDDD7CAA-D1A1-46D5-A04F-1EEAF5245EAE}.Debug|x86.ActiveCfg = Debug|Win32
		{BDDD7CAA-D1A1-46D5-A04F-1EEAF5245EAE}.Debug|x86.Build.0 = Debug|Win32
		{BDDD7CAA-D1A1-46D5-A04F-1EEAF5245EAE}.Release|x64.ActiveCfg = Release|x64
		{BDDD7CAA-D1A1-46D5-A04F-1EEAF5245EAE}.Release|x64.Build.0 = Release|x64
		{BDDD7CAA-D1A1-46D5-A04F-1EEAF5245EAE}.Release|x86.ActiveCfg = Release|Win32
		{BDDD7CAA-D1A1-46D5-A04F-1EEAF5245EAE}.Release|x86.Build.0 = Release|Win32
		{14525926-1BE9-44FC-B364-2C9AF31B60D3}.Debug|x64.ActiveCfg = Debug|x64
		{14525926-1BE9-44FC-B364-2C9AF31B60D3}.Debug|x64.Build.0 = Debug|x64
		{14525926-1BE9-44FC-B364-2C9AF31B60D3}.Debug|x86.ActiveCfg = Debug|Win32
		{14525926-1BE9-44FC-B364-2C9AF31B60D3}.Debug|x86.Build.0 = Debug|Win32
		{14525926-1BE9-44FC-B364-2C9AF31B60D3}.Release|x64.ActiveCfg = Release|x64
		{14525926-1BE9-44FC-B364-2C9AF31B60D3}.Release|x64.Build.0 = Release|x64
		{14525926-1BE9-44FC-B364-2C9AF31B60D3}.Release|x86.ActiveCfg = Release|Win32
		{14525926-1BE9-44FC-B364-2C9AF31B60D3}.Release|x86.Build.0 = Release|Win32
		{E92E4881-05E7-45B1-8656-7DB5B0EA86D3}.Debug|x64.ActiveCfg = Debug|x64
		{E92E4881-05E7-45B1-8656-7DB5B0EA86D3}.Debug|x64.Build.0 = Debug|x64
		{E92E4881-05E7-45B1-8656-7DB5B0EA86D3}.Debug|x86.ActiveCfg = Debug|Win32
		{E92E4881-05E7-45B1-8656-7DB5B0EA86D3}.Debug|x86.Build.0 = Debug|Win32
		{E92E4881-05E7-45B1-8656-7DB5B0EA86D3}.Release|x64.ActiveCfg = Release|x64
		{E92E4881-05E7-45B1-8656-7DB5B0EA86D3}.Release|x64.Build.0 = Release|x64
		{E92E4881-05E7-45B1-8656-7DB5B0EA86D3}.Release|x86.ActiveCfg = Release|Win32
		{E92E4881-05E7-45B1-8656-7DB5B0EA86D3}.Release|x86.Build.0 = Release|Win32
		{71D55CFE-5159-4AE3-B33E-9FEF84328B07}.Debug|x64.ActiveCfg = Debug|x64
		{71D55CFE-5159-4AE3-B33E-9FEF84328B07}.Debug|x64.Build.0 = Debug|x64
		{71D55CFE-5159-4AE3-B33E-9FEF84328B07}.Debug|x86.ActiveCfg = Debug|Win32
		{71D55CFE-5159-4AE3-B33E-9FEF84328B07}.Debug|x86.Build.0 = Debug|Win32
		{71D55CFE-5159-4AE3-B33E-9FEF84328B07}.Release|x64.ActiveCfg = Release|x64
		{71D55CFE-5159-4AE3-B33E-9FEF84328B07}.Release|x64.Build.0 = Release|x64
		{71D55CFE-5159-4AE3-B33E-9FEF84328B07}.Release|x86.ActiveCfg = Release|Win32
		{71D55CFE-5159-4AE3-B33E-9FEF84328B07}.Release|x86.Build.0 = Release|Win32
		{CAEB3122-498F-485A-B9CE-867071FFBBC7}.Debug|x64.ActiveCfg = Debug|x64
		{CAEB3122-498F-485A-B9CE-867071FFBBC7}.Debug|x64.Build.0 = Debug|x64
		{CAEB3122-498F-485A-B9CE-867071FFBBC7}.Debug|x86.ActiveCfg = Debug|Win32
		{CAEB3122-498F-485A-B9CE-867071FFBBC7}.Debug|x86.Build.0 = Debug|Win32
		{CAEB3122-498F-485A-B9CE-867071FFBBC7}.Release|x64.ActiveCfg = Release|x64
		{CAEB3122-498F-485A-B9CE-867071FFBBC7}.Release|x64.Build.0 = Release|x64
		{CAEB3122-498F-485A-B9CE-867071FFBBC7}.Release|x86.ActiveCfg = Release|Win32
		{CAEB3122-498F-485A-B9CE-867071FFBBC7}.Release|x86.Build.0 = Release|Win32
		{E193ACAC-9C25-43BD-9897-14E952381333}.Debug|x64.ActiveCfg = Debug|x64
		{E193ACAC-9C25-43BD-9897-14E952381333}.Debug|x64.Build.0 = Debug|x64
		{E193ACAC-9C25-43BD-9897-14E952381333}.Debug|x86.ActiveCfg = Debug|Win32
		{E193ACAC-9C25-43BD-9897-14E952381333}.Debug|x86.Build.0 = Debug|Win32
		{E193ACAC-9C25-43BD-9897-14E952381333}.Release|x64.ActiveCfg = Release|x64
		{E193ACAC-9C25-43BD-9897-14E952381333}.Release|x64.Build.0 = Release|x64
		{E193ACAC-9C25-43BD-9897-14E952381333}.Release|x86.ActiveCfg = Release|Win32
		{E193ACAC-9C25-43BD-9897-14E952381333}.Release|x86.Build.0 = Release|Win32
		{405070F4-09D7-4424-B086-278B96A39061}.Debug|x64.ActiveCfg = Debug|x64
		{405070F4-09D7-4424-B086-278B96A39061}.Debug|x64.Build.0 = Debug|x64
		{405070F4-09D7-4424-B086-278B96A39061}.Debug|x86.ActiveCfg = Debug|Win32
		{405070F4-09D7-4424-B086-278B96A39061}.Debug|x86.Build.0 = Debug|Win32
		{405070F4-09D7-4424-B086-278B96A39061}.Release|x64.ActiveCfg = Release|x64
		{405070F4-09D7-4424-B086-278B96A39061}.Release|x64.Build.0 = Release|x64
		{405070F4-09D7-4424-B086-278B96A39061}.Release|x86.ActiveCfg = Release|Win32
		{405070F4-09D7-4424-B086-278B96A39061}.Release|x86.Build.0 = Release|Win32
		{4E8636E1-A062-4A80-BABD-3BDF614765E5}.Debug|x64.ActiveCfg = Debug|x64
		{4E8636E1-A062-4A80-BABD-3BDF614765E5}.Debug|x64.Build.0 = Debug|x64
		{4E8636E1-A062-4A80-BABD-3BDF614765E5}.Debug|x86.ActiveCfg = Debug|Win32
		{4E8636E1-A062-4A80-BABD-3BDF614765E5}.Debug|x86.Build.0 = Debug|Win32
		{4E8636E1-A062-4A80-BABD-3BDF614765E5}.Release|x64.ActiveCfg = Release|x64
		{4E8636E1-A062-4A80-BABD-3BDF614765E5}.Release|x64.Build.0 = Release|x64
		{4E8636E1-A062-4A80-BABD-3BDF614765E5}.Release|x86.ActiveCfg = Release|Win32
		{4E8636E1-A062-4A80-BABD-3BDF614765E5}.Release|x86.Build.0 = Release|Win32
		{B3CF809D-8CA0-4F12-935B-BFAE110A4607}.Debug|x64.ActiveCfg = Debug|x64
		{B3CF809D-8CA0-4F12-935B-BFAE110A4607}.Debug|x64.Build.0 = Debug|x64
		{B3CF809D-8CA0-4F12-935B-BFAE110A4607}.Debug|x86.ActiveCfg = Debug|Win32
		{B3CF809D-8CA0-4F12-935B-BFAE110A4607}.Debug|x86.Build.0 = Debug|Win32
		{B3CF809D-8CA0-4F12-935B-BFAE110A4607}.Release|x64.ActiveCfg = Release|x64
		{B3CF809D-8CA0-4F12-935B-BFAE110A4607}.Release|x64.Build.0 = Release|x64
		{B3CF809D-8CA0-4F12-935B-BFAE110A4607}.Release|x86.ActiveCfg = Release|Win32
		{B3CF809D-8CA0-4F12-935B-BFAE110A4607}.Release|x86.Build.0 = Release|Win32
		{36CE4BDC-1881-46B7-9A72-C3B1DF7185FE}.Debug|x64.ActiveCfg = Debug|x64
		{36CE4BDC-1881-46B7-9A72-C3B1DF7185FE}.Debug|x64.Build.0 = Debug|x64
		{36CE4BDC-1881-46B7-9A72-C3B1DF7185FE}.Debug|x86.ActiveCfg = Debug|Win32
		{36CE4BDC-1881-46B7-9A72-C3B1DF7185FE}.Debug|x86.Build.0 = Debug|Win32
		{36CE4BDC-1881-46B7-9A72-C3B1DF7185FE}.Release|x64.ActiveCfg = Release|x64
		{36CE4BDC-1881-46B7-9A72-C3B1DF7185FE}.Release|x64.Build.0 = Release|x64
		{36CE4BDC-1881-46B7-9A72-C3B1DF7185FE}.Release|x86.ActiveCfg = Release|Win32
		{36CE4BDC-1881-46B7-9A72-C3B1DF7185FE}.Release|x86.Build.0 = Release|Win32
		{BE0048F7-CA5A-4FAC-91D0-FC812F6A1EA2}.Debug|x64.ActiveCfg = Debug|x64
		{BE0048F7-CA5A-4FAC-91D0-FC812F6A1EA2}.Debug|x64.Build.0 = Debug|x64
		{BE0048F7-CA5A-4FAC-91D0-FC812F6A1EA2}.Debug|x86.ActiveCfg = Debug|Win32
		{BE0048F7-CA5A-4FAC-91D0-FC812F6A1EA2}.Debug|x86.Build.0 = Debug|Win32
		{BE0048F7-CA5A-4FAC-91D0-FC812F6A1EA2}.Release|x64.ActiveCfg = Release|x64
		{BE0048F7-CA5A-4FAC-91D0-FC812F6A1EA2}.Release|x64.Build.0 = Release|x64
		{BE0048F7-CA5A-4FAC-91D0-FC812F6A1EA2}.Release|x86.ActiveCfg = Release|Win32
		{BE0048F7-CA5A-4FAC-91D0-FC812F6A1EA2}.Release|x86.Build.0 = Release|Win32
		{43A758F8-2648-4B96-B1A2-11E9504D1C8A}.Debug|x64.ActiveCfg = Debug|x64
		{43A758F8-2648-4B96-B1A2-11E9504D1C8A}.Debug|x64.Build.0 = Debug|x64
		{43A758F8-2648-4B96-B1A2-11E9504D1C8A}.Debug|x86.ActiveCfg = Debug|Win32
		{43A758F8-2648-4B96-B1A2-11E9504D1C8A}.Debug|x86.Build.0 = Debug|Win32
		{43A758F8-2648-4B96-B1A2-11E9504D1C8A}.Release|x64.ActiveCfg = Release|x64
		{43A758F8-2648-4B96-B1A2-11E9504D1C8A}.Release|x64.Build.0 = Release|x64
		{43A758F8-2648-4B96-B1A2-11E9504D1C8A}.Release|x86.ActiveCfg = Release|Win32
		{43A758F8-2648-4B96-B1A2-11E9504D1C8A}.Release|x86.Build.0 = Release|Win32
		{C4E1F87D-99A3-4A83-B237-015ABFF54937}.Debug|x64.ActiveCfg = Debug|x64
		{C4E1F87D-99A3-4A83-B237-015ABFF54937}.Debug|x64.Build.0 = Debug|x64
		{C4E1F87D-99A3-4A83-B237-015ABFF54937}.Debug|x86.ActiveCfg = Debug|Win32
		{C4E1F87D-99A3-4A83-B237-015ABFF54937}.Debug|x86.Build.0 = Debug|Win32
		{C4E1F87D-99A3-4A83-B237-015ABFF54937}.Release|x64.ActiveCfg = Release|x64
		{C4E1F87D-99A3-4A83-B237-015ABFF54937}.Release|x64.Build.0 = Release|x64
		{C4E1F87D-99A3-4A83-B237-015ABFF54937}.Release|x86.ActiveCfg = Release|Win32
		{C4E1F87D-99A3-4A83-B237-015ABFF54937}.Release|x86.Build.0 = Release|Win32
		{183AAC2C-9F91-4CA8-8D4F-4F4A7CB5F696}.Debug|x64.ActiveCfg = Debug|x64
		{183AAC2C-9F91-4CA8-8D4F-4F4A7CB5F696}.Debug|x64.Build.0 = Debug|x64
		{183AAC2C-9F91-4CA8-8D4F-4F4A7CB5F696}.Debug|x86.ActiveCfg = Debug|Win32
		{183AAC2C-9F91-4CA8-8D4F-4F4A7CB5F696}.Debug|x86.Build.0 = Debug|Win32
		{183AAC2C-9F91-4CA8-8D4F-4F4A7CB5F696}.Release|x64.ActiveCfg = Release|x64
		{183AAC2C-9F91-4CA8-8D4F-4F4A7CB5F696}.Release|x64.Build.0 = Release|x64
		{183AAC2C-9F91-4CA8-8D4F-4F4A7CB5F696}.Release|x86.ActiveCfg = Release|Win32
		{183AAC2C-9F91-4CA8-8D4F-4F4A7CB5F696}.Release|x86.Build.0 = Release|Win32
		{887FB873-03CB-445E-9B44-9C84F1705672}.Debug|x64.ActiveCfg = Debug|x64
		{887FB873-03CB-445E-9B44-9C84F1705672}.Debug|x64.Build.0 = Debug|x64
		{887FB873-03CB-445E-9B44-9C84F1705672}.Debug|x86.ActiveCfg = Debug|Win32
		{887FB873-03CB-445E-9B44-9C84F1705672}.Debug|x86.Build.0 = Debug|Win32
		{887FB873-03CB-445E-9B44-9C84F1705672}.Release|x64.ActiveCfg = Release|x64
		{887FB873-03CB-445E-9B44-9C84F1705672}.Release|x64.Build.0 = Release|x64
		{887FB873-03CB-445E-9B44-9C84F1705672}.Release|x86.ActiveCfg = Release|Win32
		{887FB873-03CB-445E-9B44-9C84F1705672}.Release|x86.Build.0 = Release|Win32
		{FA58BE33-608B-4704-AF47-38C8ACFC83B8}.Debug|x64.ActiveCfg = Debug|x64
		{FA58BE33-608B-4704-AF47-38C8ACFC83B8}.Debug|x64.Build.0 = Debug|x64
		{FA58BE33-608B-4704-AF47-38C8ACFC83B8}.Debug|x86.ActiveCfg = Debug|Win32
		{FA58BE33-608B-4704-AF47-38C8ACFC83B8}.Debug|x86.Build.0 = Debug|Win32
		{FA58BE33-608B-4704-AF47-38C8ACFC83B8}.Release|x64.ActiveCfg = Release|x64
		{FA58BE33-608B-4704-AF47-38C8ACFC83B8}.Release|x64.Build.0 = Release|x64
		{FA58BE33-608B-4704-AF47-38C8ACFC83B8}.Release|x86.ActiveCfg = Release|Win32
		{FA58BE33-608B-4704-AF47-38C8ACFC83B8}.Release|x86.Build.0 = Release|Win32
		{842F1A46-4AF2-4DFD-AD44-07CDFCD410B5}.Debug|x64.ActiveCfg = Debug|x64
		{842F1A46-4AF2-4DFD-AD44-07CDFCD410B5}.Debug|x64.Build.0 = Debug|x64
		{842F1A46-4AF2-4DFD-AD44-07CDFCD410B5}.Debug|x86.ActiveCfg = Debug|Win32
		{842F1A46-4AF2-4DFD-AD44-07CDFCD410B5}.Debug|x86.Build.0 = Debug|Win32
		{842F1A46-4AF2-4DFD-AD44-07CDFCD410B5}.Release|x64.ActiveCfg = Release|x64
		{842F1A46-4AF2-4DFD-AD44-07CDFCD410B5}.Release|x64.Build.0 = Release|x64
		{842F1A46-4AF2-4DFD-AD44-07CDFCD410B5}.Release|x86.ActiveCfg = Release|Win32
		{842F1A46-4AF2-4DFD-AD44-07CDFCD410B5}.Release|x86.Build.0 = Release|Win32
		{D68A60A7-D935-4899-8400-A6B695E9DEF6}.Debug|x64.ActiveCfg = Debug|x64
		{D68A60A7-D935-4899-8400-A6B695E9DEF6}.Debug|x64.Build.0 = Debug|x64
		{D68A60A7-D935-4899-8400-A6B695E9DEF6}.Debug|x86.ActiveCfg = Debug|Win32
		{D68A60A7-D935-4899-8400-A6B695E9DEF6}.Debug|x86.Build.0 = Debug|Win32
		{D68A60A7-D935-4899-8400-A6B695E9DEF6}.Release|x64.ActiveCfg = Release|x64
		{D68A60A7-D935-4899-8400-A6B695E9DEF6}.Release|x64.Build.0 = Release|x64
		{D68A60A7-D935-4899-8400-A6B695E9DEF6}.Release|x86.ActiveCfg = Release|Win32
		{D68A60A7-D935-4899-8400-A6B695E9DEF6}.Release|x86.Build.0 = Release|Win32
		{918B9E27-A303-4C7F-8FD7-E1FBA736200A}.Debug|x64.ActiveCfg = Debug|x64
		{918B9E27-A303-4C7F-8FD7-E1FBA736200A}.Debug|x64.Build.0 = Debug|x64
		{918B9E27-A303-4C7F-8FD7-E1FBA736200A}.Debug|x86.ActiveCfg = Debug|Win32
		{918B9E27-A303-4C7F-8FD7-E1FBA736200A}.Debug|x86.Build.0 = Debug|Win32
		{918B9E27-A303-4C7F-8FD7-E1FBA736200A}.Release|x64.ActiveCfg = Release|x64
		{918B9E27-A303-4C7F-8FD7-E1FBA736200A}.Release|x64.Build.0 = Release|x64
		{918B9E27-A303-4C7F-8FD7-E1FBA736200A}.Release|x86.ActiveCfg = Release|Win32
		{918B9E27-A303-4C7F-8FD7-E1FBA736200A}.Release|x86.Build.0 = Release|Win32
		{CA9BBED9-5EC0-479F-818C-6D5A8CD7169D}.Debug|x64.ActiveCfg = Debug|x64
		{CA9BBED9-5EC0-479F-818C-6D5A8CD7169D}.Debug|x64.Build.0 = Debug|x64
		{CA9BBED9-5EC0-479F-818C-6D5A8CD7169D}.Debug|x86.ActiveCfg = Debug|Win32
		{CA9BBED9-5EC0-479F-818C-6D5A8CD7169D}.Debug|x86.Build.0 = Debug|Win32
		{CA9BBED9-5EC0-479F-818C-6D5A8CD7169D}.Release|x64.ActiveCfg = Release|x64
		{CA9BBED9-5EC0-479F-818C-6D5A8CD7169D}.Release|x64.Build.0 = Release|x64
		{CA9BBED9-5EC0-479F-818C-6D5A8CD7169D}.Release|x86.ActiveCfg = Release|Win32
		{CA9BBED9-5EC0-479F-818C-6D5A8CD7169D}.Release|x86.Build.0 = Release|Win32
		{E017B41A-D9FC-497B-85DF-B14ECC9BF568}.Debug|x64.ActiveCfg = Debug|x64
		{E017B41A-D9FC-497B-85DF-B14ECC9BF568}.Debug|x64.Build.0 = Debug|x64
		{E017B41A-D9FC-497B-85DF-B14ECC9BF568}.Debug|x86.ActiveCfg = Debug|Win32
		{E017B41A-D9FC-497B-85DF-B14ECC9BF568}.Debug|x86.Build.0 = Debug|Win32
		{E017B41A-D9FC-497B-85DF-B14ECC9BF568}.Release|x64.ActiveCfg = Release|x64
		{E017B41A-D9FC-497B-85DF-B14ECC9BF568}.Release|x64.Build.0 = Release|x64
		{E017B41A-D9FC-497B-85DF-B14ECC9BF568}.Release|x86.ActiveCfg = Release|Win32
		{E017B41A-D9FC-497B-85DF-B14ECC9BF568}.Release|x86.Build.0 = Release|Win32
		{421D8B17-C4C7-4DF1-9771-B1EB9C891D1A}.Debug|x64.ActiveCfg = Debug|x64
		{421D8B17-C4C7-4DF1-9771-B1EB9C891D1A}.Debug|x64.Build.0 = Debug|x64
		{421D8B17-C4C7-4DF1-9771-B1EB9C891D1A}.Debug|x86.ActiveCfg = Debug|Win32
		{421D8B17-C4C7-4DF1-9771-B1EB9C891D1A}.Debug|x86.Build.0 = Debug|Win32
		{421D8B17-C4C7-4DF1-9771-B1EB9C891D1A}.Release|x64.ActiveCfg = Release|x64
		{421D8B17-C4C7-4DF1-9771-B1EB9C891D1A}.Release|x64.Build.0 = Release|x64
		{421D8B17-C4C7-4DF1-9771-B1EB9C891D1A}.Release|x86.ActiveCfg = Release|Win32
		{421D8B17-C4C7-4DF1-9771-B1EB9C891D1A}.Release|x86.Build.0 = Release|Win32
		{7C1E6A5F-FE0F-4DDE-9925-A0F855723B34}.Debug|x64.ActiveCfg = Debug|x64
		{7C1E6A5F-FE0F-4DDE-9925-A0F855723B34}.Debug|x64.Build.0 = Debug|x64
		{7C1E6A5F-FE0F-4DDE-9925-A0F855723B34}.Debug|x86.ActiveCfg = Debug|Win32
		{7C1E6A5F-FE0F-4DDE-9925-A0F855723B34}.Debug|x86.Build.0 = Debug|Win32
		{7C1E6A5F-FE0F-4DDE-9925-A0F855723B34}.Release|x64.ActiveCfg = Release|x64
		{7C1E6A5F-FE0F-4DDE-9925-A0F855723B34}.Release|x64.Build.0 = Release|x64
		{7C1E6A5F-FE0F-4DDE-9925-A0F855723B34}.Release|x86.ActiveCfg = Release|Win32
		{7C1E6A5F-FE0F-4DDE-9925-A0F855723B34}.Release|x86.Build.0 = Release|Win32
		{2FA4400B-AE30-4510-B44B-DDC815F1A3B0}.Debug|x64.ActiveCfg = Debug|x64
		{2FA4400B-AE30-4510-B44B-DDC815F1A3B0}.Debug|x64.Build.0 = Debug|x64
		{2FA4400B-AE30-4510-B44B-DDC815F1A3B0}.Debug|x86.ActiveCfg = Debug|Win32
		{2FA4400B-AE30-4510-B44B-DDC815F1A3B0}.Debug|x86.Build.0 = Debug|Win32
		{2FA4400B-AE30-4510-B44B-DDC815F1A3B0}.Release|x64.ActiveCfg = Release|x64
		{2FA4400B-AE30-4510-B44B-DDC815F1A3B0}.Release|x64.Build.0 = Release|x64
		{2FA4400B-AE30-4510-B44B-DDC815F1A3B0}.Release|x86.ActiveCfg = Release|Win32
		{2FA4400B-AE30-4510-B44B-DDC815F1A3B0}.Release|x86.Build.0 = Release|Win32
		{B5B640D3-D0BA-470F-8B67-748367834E2A}.Debug|x64.ActiveCfg = Debug|x64
		{B5B640D3-D0BA-470F-8B67-748367834E2A}.Debug|x64.Build.0 = Debug|x64
		{B5B640D3-D0BA-470F-8B67-748367834E2A}.Debug|x86.ActiveCfg = Debug|Win32
		{B5B640D3-D0BA-470F-8B67-748367834E2A}.Debug|x86.Build.0 = Debug|Win32
		{B5B640D3-D0BA-470F-8B67-748367834E2A}.Release|x64.ActiveCfg = Release|x64
		{B5B640D3-D0BA-470F-8B67-748367834E2A}.Release|x64.Build.0 = Release|x64
		{B5B640D3-D0BA-470F-8B67-748367834E2A}.Release|x86.ActiveCfg = Release|Win32
		{B5B640D3-D0BA-470F-8B67-748367834E2A}.Release|x86.Build.0 = Release|Win32
		{C127F79C-0349-4D44-B03B-0FDB998B8932}.Debug|x64.ActiveCfg = Debug|x64
		{C127F79C-0349-4D44-B03B-0FDB998B8932}.Debug|x64.Build.0 = Debug|x64
		{C127F79C-0349-4D44-B03B-0FDB998B8932}.Debug|x86.ActiveCfg = Debug|Win32
		{C127F79C-0349-4D44-B03B-0FDB998B8932}.Debug|x86.Build.0 = Debug|Win32
		{C127F79C-0349-4D44-B03B-0FDB998B8932}.Release|x64.ActiveCfg = Release|x64
		{C127F79C-0349-4D44-B03B-0FDB998B8932}.Release|x64.Build.0 = Release|x64
		{C127F79C-0349-4D44-B03B-0FDB998B8932}.Release|x86.ActiveCfg = Release|Win32
		{C127F79C-0349-4D44-B03B-0FDB998B8932}.Release|x86.Build.0 = Release|Win32
		{C8E080A8-ED51-4F18-855D-1BDDD2FAE53D}.Debug|x64.ActiveCfg = Debug|x64
		{C8E080A8-ED51-4F18-855D-1BDDD2FAE53D}.Debug|x64.Build.0 = Debug|x64
		{C8E080A8-ED51-4F18-855D-1BDDD2FAE53D}.Debug|x86.ActiveCfg = Debug|Win32
		{C8E080A8-ED51-4F18-855D-1BDDD2FAE53D}.Debug|x86.Build.0 = Debug|Win32
		{C8E080A8-ED51-4F18-855D-1BDDD2FAE53D}.Release|x64.ActiveCfg = Release|x64
		{C8E080A8-ED51-4F18-855D-1BDDD2FAE53D}.Release|x64.Build.0 = Release|x64
		{C8E080A8-ED51-4F18-855D-1BDDD2FAE53D}.Release|x86.ActiveCfg = Release|Win32
		{C8E080A8-ED51-4F18-855D-1BDDD2FAE53D}.Release|x86.Build.0 = Release|Win32
		{7AAA9364-BA71-4A80-9F02-F33CC0604175}.Debug|x64.ActiveCfg = Debug|x64
		{7AAA9364-BA71-4A80-9F02-F33CC0604175}.Debug|x64.Build.0 = Debug|x64
		{7AAA9364-BA71-4A80-9F02-F33CC0604175}.Debug|x86.ActiveCfg = Debug|Win32
		{7AAA9364-BA71-4A80-9F02-F33CC0604175}.Debug|x86.Build.0 = Debug|Win32
		{7AAA9364-BA71-4A80-9F02-F33CC0604175}.Release|x64.ActiveCfg = Release|x64
		{7AAA9364-BA71-4A80-9F02-F33CC0604175}.Release|x64.Build.0 = Release|x64
		{7AAA9364-BA71-4A80-9F02-F33CC0604175}.Release|x86.ActiveCfg = Release|Win32
		{7AAA9364-BA71-4A80-9F02-F33CC0604175}.Release|x86.Build.0 = Release|Win32
		{36E79602-077B-4CD2-B4CA-9BAFC0A9E65F}.Debug|x64.ActiveCfg = Debug|x64
		{36E79602-077B-4CD2-B4CA-9BAFC0A9E65F}.Debug|x64.Build.0 = Debug|x64
		{36E79602-077B-4CD2-B4CA-9BAFC0A9E65F}.Debug|x86.ActiveCfg = Debug|Win32
		{36E79602-077B-4CD2-B4CA-9BAFC0A9E65F}.Debug|x86.Build.0 = Debug|Win32
		{36E79602-077B-4CD2-B4CA-9BAFC0A9E65F}.Release|x64.ActiveCfg = Release|x64
		{36E79602-077B-4CD2-B4CA-9BAFC0A9E65F}.Release|x64.Build.0 = Release|x64
		{36E79602-077B-4CD2-B4CA-9BAFC0A9E65F}.Release|x86.ActiveCfg = Release|Win32
		{36E79602-077B-4CD2-B4CA-9BAFC0A9E65F}.Release|x86.Build.0 = Release|Win32
	EndGlobalSection
	GlobalSection(SolutionProperties) = preSolution
		HideSolutionNode = FALSE
	EndGlobalSection
	GlobalSection(ExtensibilityGlobals) = postSolution
		SolutionGuid = {AD911A6B-92B8-4ADA-AEA7-30A66DC1BFEB}
	EndGlobalSection
EndGlobal
